
Microsoft Visual Studio Solution File, Format Version 12.00
# Visual Studio Version 17
VisualStudioVersion = 17.10.35013.160
MinimumVisualStudioVersion = 10.0.40219.1
Project("{9A19103F-16F7-4668-BE54-9A1E7A4F7556}") = "EduProcessManager", "EduProcessManager\EduProcessManager.csproj", "{1C4DDC6A-8650-4B4E-959F-CEBADC2C6F0F}"
EndProject
Global
	GlobalSection(SolutionConfigurationPlatforms) = preSolution
		Debug|Any CPU = Debug|Any CPU
		Release|Any CPU = Release|Any CPU
	EndGlobalSection
	GlobalSection(ProjectConfigurationPlatforms) = postSolution
		{1C4DDC6A-8650-4B4E-959F-CEBADC2C6F0F}.Debug|Any CPU.ActiveCfg = Debug|Any CPU
		{1C4DDC6A-8650-4B4E-959F-CEBADC2C6F0F}.Debug|Any CPU.Build.0 = Debug|Any CPU
		{1C4DDC6A-8650-4B4E-959F-CEBADC2C6F0F}.Release|Any CPU.ActiveCfg = Release|Any CPU
		{1C4DDC6A-8650-4B4E-959F-CEBADC2C6F0F}.Release|Any CPU.Build.0 = Release|Any CPU
	EndGlobalSection
	GlobalSection(SolutionProperties) = preSolution
		HideSolutionNode = FALSE
	EndGlobalSection
	GlobalSection(ExtensibilityGlobals) = postSolution
		SolutionGuid = {9E83B99D-1C3D-46FD-9C46-AA1FE0D916D4}
	EndGlobalSection
EndGlobal
